{
  "requires": true,
  "lockfileVersion": 1,
  "dependencies": {
    "google-fonts-offline": {
      "version": "0.1.5",
      "resolved": "https://registry.npmjs.org/google-fonts-offline/-/google-fonts-offline-0.1.5.tgz",
      "integrity": "sha512-BzDkHxppQjt3pKR5Qw8zJR7wakAfy8nG/Ht29HiacAVOEInVcOIPx6zcCU3im1Lc0zkmUiQzuIE/eiley15uUg=="
    },
    "lodash": {
      "version": "4.17.11",
      "resolved": "https://registry.npmjs.org/lodash/-/lodash-4.17.11.tgz",
      "integrity": "sha512-cQKh8igo5QUhZ7lg38DYWAxMvjSAKG0A8wGSVimP07SIUEK2UO+arSRKbRZWtelMtN5V0Hkwh5ryOto/SshYIg=="
    },
    "vuetify-upload-button": {
      "version": "1.2.2",
      "resolved": "https://registry.npmjs.org/vuetify-upload-button/-/vuetify-upload-button-1.2.2.tgz",
      "integrity": "sha512-WQmAevQl4F2musSLpPzyT3fCBCksFiL7V6Jh8qD1fxGxHjAvjGywJKWjPLMzXDHkJfo6q2OPJtynPU0QXN5hGA=="
    }
  }
}
