# THIS IS AN AUTOGENERATED FILE. DO NOT EDIT THIS FILE DIRECTLY.
# yarn lockfile v1


font-awesome@^4.7.0:
  version "4.7.0"
  resolved "https://registry.yarnpkg.com/font-awesome/-/font-awesome-4.7.0.tgz#8fa8cf0411a1a31afd07b06d2902bb9fc815a133"

jquery@^3.2.1:
  version "3.2.1"
  resolved "https://registry.yarnpkg.com/jquery/-/jquery-3.2.1.tgz#5c4d9de652af6cd0a770154a631bba12b015c787"

vue@^2.5.3:
  version "2.5.3"
  resolved "https://registry.yarnpkg.com/vue/-/vue-2.5.3.tgz#e1a3b1f49b6e93e574ce040b95cbc873912fecc1"

vuetify@^0.17.0:
  version "0.17.0"
  resolved "https://registry.yarnpkg.com/vuetify/-/vuetify-0.17.0.tgz#34ff85a2d10dca903b6edf375a10eb8519d6cc2e"
